
Microsoft Visual Studio Solution File, Format Version 12.00
# Visual Studio Version 16
VisualStudioVersion = 16.0.32106.194
MinimumVisualStudioVersion = 10.0.40219.1
Project("{FAE04EC0-301F-11D3-BF4B-00C04F79EFBC}") = "MovieRestApp", "MovieRestApp.csproj", "{3D31276F-1E85-422A-96B4-DC1FF14287D3}"
EndProject
Global
	GlobalSection(SolutionConfigurationPlatforms) = preSolution
		Debug|Any CPU = Debug|Any CPU
		Release|Any CPU = Release|Any CPU
	EndGlobalSection
	GlobalSection(ProjectConfigurationPlatforms) = postSolution
		{3D31276F-1E85-422A-96B4-DC1FF14287D3}.Debug|Any CPU.ActiveCfg = Debug|Any CPU
		{3D31276F-1E85-422A-96B4-DC1FF14287D3}.Debug|Any CPU.Build.0 = Debug|Any CPU
		{3D31276F-1E85-422A-96B4-DC1FF14287D3}.Release|Any CPU.ActiveCfg = Release|Any CPU
		{3D31276F-1E85-422A-96B4-DC1FF14287D3}.Release|Any CPU.Build.0 = Release|Any CPU
	EndGlobalSection
	GlobalSection(SolutionProperties) = preSolution
		HideSolutionNode = FALSE
	EndGlobalSection
	GlobalSection(ExtensibilityGlobals) = postSolution
		SolutionGuid = {3D4EB81B-739F-4514-B530-C125CF565A2F}
	EndGlobalSection
EndGlobal
